// !$*UTF8*$!
{
	archiveVersion = 1;
	classes = {
	};
	objectVersion = 46;
	objects = {

/* Begin PBXBuildFile section */
		230DF70F1F75BD0D005EABE9 /* CreatePostTableViewCell.swift in Sources */ = {isa = PBXBuildFile; fileRef = 230DF70D1F75BD0D005EABE9 /* CreatePostTableViewCell.swift */; };
		230DF7101F75BD0D005EABE9 /* CreatePostTableViewCell.xib in Resources */ = {isa = PBXBuildFile; fileRef = 230DF70E1F75BD0D005EABE9 /* CreatePostTableViewCell.xib */; };
		230DF7141F75CF38005EABE9 /* CreateDraftDetailViewController.swift in Sources */ = {isa = PBXBuildFile; fileRef = 230DF7131F75CF37005EABE9 /* CreateDraftDetailViewController.swift */; };
		230DF7171F76B0F2005EABE9 /* Cache.swift in Sources */ = {isa = PBXBuildFile; fileRef = 230DF7161F76B0F2005EABE9 /* Cache.swift */; };
		23236A8C1F4A14A800043021 /* Trip.swift in Sources */ = {isa = PBXBuildFile; fileRef = 23236A8B1F4A14A800043021 /* Trip.swift */; };
		23236A8E1F4A157C00043021 /* PassportViewController.swift in Sources */ = {isa = PBXBuildFile; fileRef = 23236A8D1F4A157C00043021 /* PassportViewController.swift */; };
		23236A901F4A170300043021 /* User.swift in Sources */ = {isa = PBXBuildFile; fileRef = 23236A8F1F4A170300043021 /* User.swift */; };
		23236A921F4A18BA00043021 /* PassportCoordinator.swift in Sources */ = {isa = PBXBuildFile; fileRef = 23236A911F4A18BA00043021 /* PassportCoordinator.swift */; };
		23236A941F4A1A8900043021 /* PassportViewModel.swift in Sources */ = {isa = PBXBuildFile; fileRef = 23236A931F4A1A8900043021 /* PassportViewModel.swift */; };
		23236A981F57A7AE00043021 /* TripCollectionViewCell.swift in Sources */ = {isa = PBXBuildFile; fileRef = 23236A971F57A7AE00043021 /* TripCollectionViewCell.swift */; };
		235929721F96E58200FE4839 /* Store.swift in Sources */ = {isa = PBXBuildFile; fileRef = 235929711F96E58200FE4839 /* Store.swift */; };
		235DE7C220140031003AEC2F /* CenteredImageTableViewCell.swift in Sources */ = {isa = PBXBuildFile; fileRef = 235DE7C020140031003AEC2F /* CenteredImageTableViewCell.swift */; };
		235DE7C320140031003AEC2F /* CenteredImageTableViewCell.xib in Resources */ = {isa = PBXBuildFile; fileRef = 235DE7C120140031003AEC2F /* CenteredImageTableViewCell.xib */; };
		235DE7C52014043B003AEC2F /* TableViewModel.swift in Sources */ = {isa = PBXBuildFile; fileRef = 235DE7C42014043B003AEC2F /* TableViewModel.swift */; };
		235DE7C820140677003AEC2F /* CenteredTextTableViewCell.swift in Sources */ = {isa = PBXBuildFile; fileRef = 235DE7C620140677003AEC2F /* CenteredTextTableViewCell.swift */; };
		235DE7C920140677003AEC2F /* CenteredTextTableViewCell.xib in Resources */ = {isa = PBXBuildFile; fileRef = 235DE7C720140677003AEC2F /* CenteredTextTableViewCell.xib */; };
		236BD3291F43EC0F00812B34 /* AppState.swift in Sources */ = {isa = PBXBuildFile; fileRef = 236BD3281F43EC0F00812B34 /* AppState.swift */; };
		236BD32B1F43F01100812B34 /* AppReducer.swift in Sources */ = {isa = PBXBuildFile; fileRef = 236BD32A1F43F01100812B34 /* AppReducer.swift */; };
		23A6003E1F6D7A570087767B /* CreatePostViewController.swift in Sources */ = {isa = PBXBuildFile; fileRef = 23A6003D1F6D7A570087767B /* CreatePostViewController.swift */; };
		23A600401F6D7A670087767B /* CreatePostViewModel.swift in Sources */ = {isa = PBXBuildFile; fileRef = 23A6003F1F6D7A670087767B /* CreatePostViewModel.swift */; };
		23AAFDC61F590610003B9EE9 /* user.json in Resources */ = {isa = PBXBuildFile; fileRef = 23AAFDC51F590610003B9EE9 /* user.json */; };
		23AAFDC81F590794003B9EE9 /* trips.json in Resources */ = {isa = PBXBuildFile; fileRef = 23AAFDC71F590794003B9EE9 /* trips.json */; };
		23AAFDCA1F59090A003B9EE9 /* posts.json in Resources */ = {isa = PBXBuildFile; fileRef = 23AAFDC91F59090A003B9EE9 /* posts.json */; };
		23B3B2591F5A7CDA001A2D5B /* MapKit.framework in Frameworks */ = {isa = PBXBuildFile; fileRef = 23B3B2581F5A7CDA001A2D5B /* MapKit.framework */; };
		23B3B25E1F5BB3D3001A2D5B /* PostDetailViewController.swift in Sources */ = {isa = PBXBuildFile; fileRef = 23B3B25D1F5BB3D3001A2D5B /* PostDetailViewController.swift */; };
		23B3B2601F5BB463001A2D5B /* PostViewModel.swift in Sources */ = {isa = PBXBuildFile; fileRef = 23B3B25F1F5BB463001A2D5B /* PostViewModel.swift */; };
		23B3B2621F5BBEB6001A2D5B /* post.json in Resources */ = {isa = PBXBuildFile; fileRef = 23B3B2611F5BBEB6001A2D5B /* post.json */; };
		23B3B2641F5CC88B001A2D5B /* TripDetailViewController.swift in Sources */ = {isa = PBXBuildFile; fileRef = 23B3B2631F5CC88B001A2D5B /* TripDetailViewController.swift */; };
		23B3B2661F5CC901001A2D5B /* TripViewModel.swift in Sources */ = {isa = PBXBuildFile; fileRef = 23B3B2651F5CC901001A2D5B /* TripViewModel.swift */; };
		23B3B26A1F5CCA88001A2D5B /* trip.json in Resources */ = {isa = PBXBuildFile; fileRef = 23B3B2691F5CCA88001A2D5B /* trip.json */; };
		23B3B26C1F5E1FC4001A2D5B /* DraftPostViewController.swift in Sources */ = {isa = PBXBuildFile; fileRef = 23B3B26B1F5E1FC4001A2D5B /* DraftPostViewController.swift */; };
		23B3B26E1F5E254C001A2D5B /* DraftPostViewModel.swift in Sources */ = {isa = PBXBuildFile; fileRef = 23B3B26D1F5E254C001A2D5B /* DraftPostViewModel.swift */; };
		23B3B2701F5E2841001A2D5B /* DraftPostCoordinator.swift in Sources */ = {isa = PBXBuildFile; fileRef = 23B3B26F1F5E2841001A2D5B /* DraftPostCoordinator.swift */; };
		23B3B2741F677A9F001A2D5B /* Extensions.swift in Sources */ = {isa = PBXBuildFile; fileRef = 23B3B2731F677A9F001A2D5B /* Extensions.swift */; };
		23D4868120030FAC00CE9EC0 /* ViewModel.swift in Sources */ = {isa = PBXBuildFile; fileRef = 23D4868020030FAC00CE9EC0 /* ViewModel.swift */; };
		23D48684200310D800CE9EC0 /* Presenter.swift in Sources */ = {isa = PBXBuildFile; fileRef = 23D48683200310D800CE9EC0 /* Presenter.swift */; };
		23D48687200311EE00CE9EC0 /* AppDependency.swift in Sources */ = {isa = PBXBuildFile; fileRef = 23D48686200311EE00CE9EC0 /* AppDependency.swift */; };
		23D486892003132900CE9EC0 /* FeedState.swift in Sources */ = {isa = PBXBuildFile; fileRef = 23D486882003132900CE9EC0 /* FeedState.swift */; };
		23D4868B200313C000CE9EC0 /* Reducer.swift in Sources */ = {isa = PBXBuildFile; fileRef = 23D4868A200313C000CE9EC0 /* Reducer.swift */; };
		23D4868E200329EE00CE9EC0 /* PresenterFactory.swift in Sources */ = {isa = PBXBuildFile; fileRef = 23D4868D200329EE00CE9EC0 /* PresenterFactory.swift */; };
		23D4869020032B7100CE9EC0 /* TabBarPresenter.swift in Sources */ = {isa = PBXBuildFile; fileRef = 23D4868F20032B7100CE9EC0 /* TabBarPresenter.swift */; };
		23D4869320032C6600CE9EC0 /* UIRootPresenter.swift in Sources */ = {isa = PBXBuildFile; fileRef = 23D4869220032C6600CE9EC0 /* UIRootPresenter.swift */; };
		23D4869920032F0E00CE9EC0 /* UIViewController.swift in Sources */ = {isa = PBXBuildFile; fileRef = 23D4869820032F0E00CE9EC0 /* UIViewController.swift */; };
		23D4869B2003306A00CE9EC0 /* NavigationPresenter.swift in Sources */ = {isa = PBXBuildFile; fileRef = 23D4869A2003306A00CE9EC0 /* NavigationPresenter.swift */; };
		23D4869F2005A51500CE9EC0 /* PassportState.swift in Sources */ = {isa = PBXBuildFile; fileRef = 23D4869E2005A51500CE9EC0 /* PassportState.swift */; };
		23D486A12005B66400CE9EC0 /* DraftState.swift in Sources */ = {isa = PBXBuildFile; fileRef = 23D486A02005B66400CE9EC0 /* DraftState.swift */; };
		23E5F2D51F88886C0082D5A9 /* PostOptionsViewController.swift in Sources */ = {isa = PBXBuildFile; fileRef = 23E5F2D41F88886C0082D5A9 /* PostOptionsViewController.swift */; };
		23E5F2D91F888B7B0082D5A9 /* CreatePostImagesViewController.swift in Sources */ = {isa = PBXBuildFile; fileRef = 23E5F2D81F888B7B0082D5A9 /* CreatePostImagesViewController.swift */; };
		23E5F2DB1F888D320082D5A9 /* DraftListViewController.swift in Sources */ = {isa = PBXBuildFile; fileRef = 23E5F2DA1F888D320082D5A9 /* DraftListViewController.swift */; };
		23E5F2DE1F888E810082D5A9 /* DraftTableViewCell.swift in Sources */ = {isa = PBXBuildFile; fileRef = 23E5F2DC1F888E810082D5A9 /* DraftTableViewCell.swift */; };
		23E5F2DF1F888E810082D5A9 /* DraftTableViewCell.xib in Resources */ = {isa = PBXBuildFile; fileRef = 23E5F2DD1F888E810082D5A9 /* DraftTableViewCell.xib */; };
		23F499801F7F63BF007DC22B /* PostElement.swift in Sources */ = {isa = PBXBuildFile; fileRef = 23F4997F1F7F63BF007DC22B /* PostElement.swift */; };
		23FB17231F3D500200DA41A3 /* ReSwift.framework in Frameworks */ = {isa = PBXBuildFile; fileRef = 23FB17221F3D500200DA41A3 /* ReSwift.framework */; };
		31A3F751A343EFF9267E900B /* Pods_Vagary.framework in Frameworks */ = {isa = PBXBuildFile; fileRef = C380CB09DD737CEB973D558A /* Pods_Vagary.framework */; };
		49E6505AB24E5DAD88A22830 /* Pods_TravelUITests.framework in Frameworks */ = {isa = PBXBuildFile; fileRef = F578A2CEFEEA0436839F152D /* Pods_TravelUITests.framework */; };
		4B6539261F1EF71E00E41C7B /* AppCoordinator.swift in Sources */ = {isa = PBXBuildFile; fileRef = 4B6539251F1EF71D00E41C7B /* AppCoordinator.swift */; };
		4B6539281F1EFA9A00E41C7B /* FeedCoordinator.swift in Sources */ = {isa = PBXBuildFile; fileRef = 4B6539271F1EFA9A00E41C7B /* FeedCoordinator.swift */; };
		4B65392A1F1EFD0500E41C7B /* FeedViewController.swift in Sources */ = {isa = PBXBuildFile; fileRef = 4B6539291F1EFD0500E41C7B /* FeedViewController.swift */; };
		4B65392C1F1EFD3700E41C7B /* FeedViewModel.swift in Sources */ = {isa = PBXBuildFile; fileRef = 4B65392B1F1EFD3700E41C7B /* FeedViewModel.swift */; };
		4B65392E1F1EFEA700E41C7B /* Post.swift in Sources */ = {isa = PBXBuildFile; fileRef = 4B65392D1F1EFEA700E41C7B /* Post.swift */; };
		4B6539301F1EFEE200E41C7B /* Protocols.swift in Sources */ = {isa = PBXBuildFile; fileRef = 4B65392F1F1EFEE200E41C7B /* Protocols.swift */; };
		4B6539321F1F016200E41C7B /* TravelApi.swift in Sources */ = {isa = PBXBuildFile; fileRef = 4B6539311F1F016200E41C7B /* TravelApi.swift */; };
		4B6539351F1F029D00E41C7B /* TravelAPIResponses.swift in Sources */ = {isa = PBXBuildFile; fileRef = 4B6539341F1F029D00E41C7B /* TravelAPIResponses.swift */; };
		4B6539371F1F96A500E41C7B /* Constants.swift in Sources */ = {isa = PBXBuildFile; fileRef = 4B6539361F1F96A500E41C7B /* Constants.swift */; };
		4B9420721F1C4B8D00FDE7EB /* AppDelegate.swift in Sources */ = {isa = PBXBuildFile; fileRef = 4B9420711F1C4B8D00FDE7EB /* AppDelegate.swift */; };
		4B9420791F1C4B8F00FDE7EB /* Main.storyboard in Resources */ = {isa = PBXBuildFile; fileRef = 4B9420771F1C4B8E00FDE7EB /* Main.storyboard */; };
		4B94207B1F1C4B9100FDE7EB /* Assets.xcassets in Resources */ = {isa = PBXBuildFile; fileRef = 4B94207A1F1C4B9100FDE7EB /* Assets.xcassets */; };
		4B94207E1F1C4B9200FDE7EB /* LaunchScreen.storyboard in Resources */ = {isa = PBXBuildFile; fileRef = 4B94207C1F1C4B9200FDE7EB /* LaunchScreen.storyboard */; };
		4B9420891F1C4B9400FDE7EB /* TravelTests.swift in Sources */ = {isa = PBXBuildFile; fileRef = 4B9420881F1C4B9400FDE7EB /* TravelTests.swift */; };
		4B9420941F1C4B9600FDE7EB /* TravelUITests.swift in Sources */ = {isa = PBXBuildFile; fileRef = 4B9420931F1C4B9600FDE7EB /* TravelUITests.swift */; };
		4B9420AC1F1C505600FDE7EB /* PostFeedTableViewCell.swift in Sources */ = {isa = PBXBuildFile; fileRef = 4B9420AA1F1C505600FDE7EB /* PostFeedTableViewCell.swift */; };
		4B9420AD1F1C505600FDE7EB /* PostFeedTableViewCell.xib in Resources */ = {isa = PBXBuildFile; fileRef = 4B9420AB1F1C505600FDE7EB /* PostFeedTableViewCell.xib */; };
		4BCF6E781F1C61D000695484 /* DesignableImage.swift in Sources */ = {isa = PBXBuildFile; fileRef = 4BCF6E771F1C61CF00695484 /* DesignableImage.swift */; };
		A4B5F49844DC32171ECEB7CD /* Pods_VagaryTests.framework in Frameworks */ = {isa = PBXBuildFile; fileRef = CB7B450C8B937C1B9527A1E2 /* Pods_VagaryTests.framework */; };
		E8ECCDEED0EE906BB6215E4A /* Pods_VagaryUITests.framework in Frameworks */ = {isa = PBXBuildFile; fileRef = B6874EE25F90AD3E51900BC0 /* Pods_VagaryUITests.framework */; };
		F01A31E8E31AC1BD3917DFD3 /* Pods_TravelTests.framework in Frameworks */ = {isa = PBXBuildFile; fileRef = F91E35EFEDC76ADD7A16B8B0 /* Pods_TravelTests.framework */; };
/* End PBXBuildFile section */

/* Begin PBXContainerItemProxy section */
		4B9420851F1C4B9300FDE7EB /* PBXContainerItemProxy */ = {
			isa = PBXContainerItemProxy;
			containerPortal = 4B9420661F1C4B8B00FDE7EB /* Project object */;
			proxyType = 1;
			remoteGlobalIDString = 4B94206D1F1C4B8C00FDE7EB;
			remoteInfo = Travel;
		};
		4B9420901F1C4B9500FDE7EB /* PBXContainerItemProxy */ = {
			isa = PBXContainerItemProxy;
			containerPortal = 4B9420661F1C4B8B00FDE7EB /* Project object */;
			proxyType = 1;
			remoteGlobalIDString = 4B94206D1F1C4B8C00FDE7EB;
			remoteInfo = Travel;
		};
/* End PBXContainerItemProxy section */

/* Begin PBXFileReference section */
		14F085449400FA4233E92F95 /* Pods-VagaryUITests.debug.xcconfig */ = {isa = PBXFileReference; includeInIndex = 1; lastKnownFileType = text.xcconfig; name = "Pods-VagaryUITests.debug.xcconfig"; path = "Pods/Target Support Files/Pods-VagaryUITests/Pods-VagaryUITests.debug.xcconfig"; sourceTree = "<group>"; };
		1B0DDFFC0B5B36F65B743E4C /* Pods-TravelTests.debug.xcconfig */ = {isa = PBXFileReference; includeInIndex = 1; lastKnownFileType = text.xcconfig; name = "Pods-TravelTests.debug.xcconfig"; path = "Pods/Target Support Files/Pods-TravelTests/Pods-TravelTests.debug.xcconfig"; sourceTree = "<group>"; };
		230DF70D1F75BD0D005EABE9 /* CreatePostTableViewCell.swift */ = {isa = PBXFileReference; fileEncoding = 4; lastKnownFileType = sourcecode.swift; path = CreatePostTableViewCell.swift; sourceTree = "<group>"; };
		230DF70E1F75BD0D005EABE9 /* CreatePostTableViewCell.xib */ = {isa = PBXFileReference; fileEncoding = 4; lastKnownFileType = file.xib; path = CreatePostTableViewCell.xib; sourceTree = "<group>"; };
		230DF7131F75CF37005EABE9 /* CreateDraftDetailViewController.swift */ = {isa = PBXFileReference; fileEncoding = 4; lastKnownFileType = sourcecode.swift; path = CreateDraftDetailViewController.swift; sourceTree = "<group>"; };
		230DF7161F76B0F2005EABE9 /* Cache.swift */ = {isa = PBXFileReference; fileEncoding = 4; lastKnownFileType = sourcecode.swift; path = Cache.swift; sourceTree = "<group>"; };
		23236A8B1F4A14A800043021 /* Trip.swift */ = {isa = PBXFileReference; fileEncoding = 4; lastKnownFileType = sourcecode.swift; path = Trip.swift; sourceTree = "<group>"; };
		23236A8D1F4A157C00043021 /* PassportViewController.swift */ = {isa = PBXFileReference; fileEncoding = 4; lastKnownFileType = sourcecode.swift; path = PassportViewController.swift; sourceTree = "<group>"; };
		23236A8F1F4A170300043021 /* User.swift */ = {isa = PBXFileReference; fileEncoding = 4; lastKnownFileType = sourcecode.swift; path = User.swift; sourceTree = "<group>"; };
		23236A911F4A18BA00043021 /* PassportCoordinator.swift */ = {isa = PBXFileReference; fileEncoding = 4; lastKnownFileType = sourcecode.swift; path = PassportCoordinator.swift; sourceTree = "<group>"; };
		23236A931F4A1A8900043021 /* PassportViewModel.swift */ = {isa = PBXFileReference; fileEncoding = 4; lastKnownFileType = sourcecode.swift; path = PassportViewModel.swift; sourceTree = "<group>"; };
		23236A971F57A7AE00043021 /* TripCollectionViewCell.swift */ = {isa = PBXFileReference; fileEncoding = 4; lastKnownFileType = sourcecode.swift; path = TripCollectionViewCell.swift; sourceTree = "<group>"; };
		235929711F96E58200FE4839 /* Store.swift */ = {isa = PBXFileReference; lastKnownFileType = sourcecode.swift; path = Store.swift; sourceTree = "<group>"; };
		235DE7C020140031003AEC2F /* CenteredImageTableViewCell.swift */ = {isa = PBXFileReference; lastKnownFileType = sourcecode.swift; path = CenteredImageTableViewCell.swift; sourceTree = "<group>"; };
		235DE7C120140031003AEC2F /* CenteredImageTableViewCell.xib */ = {isa = PBXFileReference; lastKnownFileType = file.xib; path = CenteredImageTableViewCell.xib; sourceTree = "<group>"; };
		235DE7C42014043B003AEC2F /* TableViewModel.swift */ = {isa = PBXFileReference; lastKnownFileType = sourcecode.swift; path = TableViewModel.swift; sourceTree = "<group>"; };
		235DE7C620140677003AEC2F /* CenteredTextTableViewCell.swift */ = {isa = PBXFileReference; lastKnownFileType = sourcecode.swift; path = CenteredTextTableViewCell.swift; sourceTree = "<group>"; };
		235DE7C720140677003AEC2F /* CenteredTextTableViewCell.xib */ = {isa = PBXFileReference; lastKnownFileType = file.xib; path = CenteredTextTableViewCell.xib; sourceTree = "<group>"; };
		236BD3281F43EC0F00812B34 /* AppState.swift */ = {isa = PBXFileReference; fileEncoding = 4; lastKnownFileType = sourcecode.swift; path = AppState.swift; sourceTree = "<group>"; };
		236BD32A1F43F01100812B34 /* AppReducer.swift */ = {isa = PBXFileReference; fileEncoding = 4; lastKnownFileType = sourcecode.swift; path = AppReducer.swift; sourceTree = "<group>"; };
		23A6003D1F6D7A570087767B /* CreatePostViewController.swift */ = {isa = PBXFileReference; fileEncoding = 4; lastKnownFileType = sourcecode.swift; path = CreatePostViewController.swift; sourceTree = "<group>"; };
		23A6003F1F6D7A670087767B /* CreatePostViewModel.swift */ = {isa = PBXFileReference; fileEncoding = 4; lastKnownFileType = sourcecode.swift; path = CreatePostViewModel.swift; sourceTree = "<group>"; };
		23AAFDC51F590610003B9EE9 /* user.json */ = {isa = PBXFileReference; fileEncoding = 4; lastKnownFileType = text.json; path = user.json; sourceTree = "<group>"; };
		23AAFDC71F590794003B9EE9 /* trips.json */ = {isa = PBXFileReference; fileEncoding = 4; lastKnownFileType = text.json; path = trips.json; sourceTree = "<group>"; };
		23AAFDC91F59090A003B9EE9 /* posts.json */ = {isa = PBXFileReference; fileEncoding = 4; lastKnownFileType = text.json; path = posts.json; sourceTree = "<group>"; };
		23B3B2581F5A7CDA001A2D5B /* MapKit.framework */ = {isa = PBXFileReference; lastKnownFileType = wrapper.framework; name = MapKit.framework; path = System/Library/Frameworks/MapKit.framework; sourceTree = SDKROOT; };
		23B3B25D1F5BB3D3001A2D5B /* PostDetailViewController.swift */ = {isa = PBXFileReference; fileEncoding = 4; lastKnownFileType = sourcecode.swift; path = PostDetailViewController.swift; sourceTree = "<group>"; };
		23B3B25F1F5BB463001A2D5B /* PostViewModel.swift */ = {isa = PBXFileReference; fileEncoding = 4; lastKnownFileType = sourcecode.swift; path = PostViewModel.swift; sourceTree = "<group>"; };
		23B3B2611F5BBEB6001A2D5B /* post.json */ = {isa = PBXFileReference; fileEncoding = 4; lastKnownFileType = text.json; path = post.json; sourceTree = "<group>"; };
		23B3B2631F5CC88B001A2D5B /* TripDetailViewController.swift */ = {isa = PBXFileReference; fileEncoding = 4; lastKnownFileType = sourcecode.swift; path = TripDetailViewController.swift; sourceTree = "<group>"; };
		23B3B2651F5CC901001A2D5B /* TripViewModel.swift */ = {isa = PBXFileReference; fileEncoding = 4; lastKnownFileType = sourcecode.swift; path = TripViewModel.swift; sourceTree = "<group>"; };
		23B3B2691F5CCA88001A2D5B /* trip.json */ = {isa = PBXFileReference; fileEncoding = 4; lastKnownFileType = text.json; path = trip.json; sourceTree = "<group>"; };
		23B3B26B1F5E1FC4001A2D5B /* DraftPostViewController.swift */ = {isa = PBXFileReference; fileEncoding = 4; lastKnownFileType = sourcecode.swift; path = DraftPostViewController.swift; sourceTree = "<group>"; };
		23B3B26D1F5E254C001A2D5B /* DraftPostViewModel.swift */ = {isa = PBXFileReference; fileEncoding = 4; lastKnownFileType = sourcecode.swift; path = DraftPostViewModel.swift; sourceTree = "<group>"; };
		23B3B26F1F5E2841001A2D5B /* DraftPostCoordinator.swift */ = {isa = PBXFileReference; fileEncoding = 4; lastKnownFileType = sourcecode.swift; path = DraftPostCoordinator.swift; sourceTree = "<group>"; };
		23B3B2731F677A9F001A2D5B /* Extensions.swift */ = {isa = PBXFileReference; fileEncoding = 4; lastKnownFileType = sourcecode.swift; path = Extensions.swift; sourceTree = "<group>"; };
		23D4868020030FAC00CE9EC0 /* ViewModel.swift */ = {isa = PBXFileReference; lastKnownFileType = sourcecode.swift; path = ViewModel.swift; sourceTree = "<group>"; };
		23D48683200310D800CE9EC0 /* Presenter.swift */ = {isa = PBXFileReference; lastKnownFileType = sourcecode.swift; path = Presenter.swift; sourceTree = "<group>"; };
		23D48686200311EE00CE9EC0 /* AppDependency.swift */ = {isa = PBXFileReference; lastKnownFileType = sourcecode.swift; path = AppDependency.swift; sourceTree = "<group>"; };
		23D486882003132900CE9EC0 /* FeedState.swift */ = {isa = PBXFileReference; lastKnownFileType = sourcecode.swift; path = FeedState.swift; sourceTree = "<group>"; };
		23D4868A200313C000CE9EC0 /* Reducer.swift */ = {isa = PBXFileReference; lastKnownFileType = sourcecode.swift; path = Reducer.swift; sourceTree = "<group>"; };
		23D4868D200329EE00CE9EC0 /* PresenterFactory.swift */ = {isa = PBXFileReference; lastKnownFileType = sourcecode.swift; path = PresenterFactory.swift; sourceTree = "<group>"; };
		23D4868F20032B7100CE9EC0 /* TabBarPresenter.swift */ = {isa = PBXFileReference; lastKnownFileType = sourcecode.swift; path = TabBarPresenter.swift; sourceTree = "<group>"; };
		23D4869220032C6600CE9EC0 /* UIRootPresenter.swift */ = {isa = PBXFileReference; lastKnownFileType = sourcecode.swift; path = UIRootPresenter.swift; sourceTree = "<group>"; };
		23D4869820032F0E00CE9EC0 /* UIViewController.swift */ = {isa = PBXFileReference; lastKnownFileType = sourcecode.swift; path = UIViewController.swift; sourceTree = "<group>"; };
		23D4869A2003306A00CE9EC0 /* NavigationPresenter.swift */ = {isa = PBXFileReference; lastKnownFileType = sourcecode.swift; path = NavigationPresenter.swift; sourceTree = "<group>"; };
		23D4869E2005A51500CE9EC0 /* PassportState.swift */ = {isa = PBXFileReference; lastKnownFileType = sourcecode.swift; path = PassportState.swift; sourceTree = "<group>"; };
		23D486A02005B66400CE9EC0 /* DraftState.swift */ = {isa = PBXFileReference; lastKnownFileType = sourcecode.swift; path = DraftState.swift; sourceTree = "<group>"; };
		23D486A3200BF49800CE9EC0 /* PromiseKit.framework */ = {isa = PBXFileReference; explicitFileType = wrapper.framework; path = PromiseKit.framework; sourceTree = BUILT_PRODUCTS_DIR; };
		23D486A5200BF62E00CE9EC0 /* PromiseKit.framework */ = {isa = PBXFileReference; explicitFileType = wrapper.framework; path = PromiseKit.framework; sourceTree = BUILT_PRODUCTS_DIR; };
		23E5F2D41F88886C0082D5A9 /* PostOptionsViewController.swift */ = {isa = PBXFileReference; lastKnownFileType = sourcecode.swift; path = PostOptionsViewController.swift; sourceTree = "<group>"; };
		23E5F2D81F888B7B0082D5A9 /* CreatePostImagesViewController.swift */ = {isa = PBXFileReference; lastKnownFileType = sourcecode.swift; path = CreatePostImagesViewController.swift; sourceTree = "<group>"; };
		23E5F2DA1F888D320082D5A9 /* DraftListViewController.swift */ = {isa = PBXFileReference; lastKnownFileType = sourcecode.swift; path = DraftListViewController.swift; sourceTree = "<group>"; };
		23E5F2DC1F888E810082D5A9 /* DraftTableViewCell.swift */ = {isa = PBXFileReference; lastKnownFileType = sourcecode.swift; path = DraftTableViewCell.swift; sourceTree = "<group>"; };
		23E5F2DD1F888E810082D5A9 /* DraftTableViewCell.xib */ = {isa = PBXFileReference; lastKnownFileType = file.xib; path = DraftTableViewCell.xib; sourceTree = "<group>"; };
		23F4997F1F7F63BF007DC22B /* PostElement.swift */ = {isa = PBXFileReference; lastKnownFileType = sourcecode.swift; path = PostElement.swift; sourceTree = "<group>"; };
		23FB17221F3D500200DA41A3 /* ReSwift.framework */ = {isa = PBXFileReference; lastKnownFileType = wrapper.framework; name = ReSwift.framework; path = "Pods/../build/Debug-iphoneos/ReSwift/ReSwift.framework"; sourceTree = "<group>"; };
		24E69F95AD043EA67D796215 /* Pods-TravelUITests.debug.xcconfig */ = {isa = PBXFileReference; includeInIndex = 1; lastKnownFileType = text.xcconfig; name = "Pods-TravelUITests.debug.xcconfig"; path = "Pods/Target Support Files/Pods-TravelUITests/Pods-TravelUITests.debug.xcconfig"; sourceTree = "<group>"; };
		276B34656365DC55E37C8A6E /* Pods-VagaryTests.release.xcconfig */ = {isa = PBXFileReference; includeInIndex = 1; lastKnownFileType = text.xcconfig; name = "Pods-VagaryTests.release.xcconfig"; path = "Pods/Target Support Files/Pods-VagaryTests/Pods-VagaryTests.release.xcconfig"; sourceTree = "<group>"; };
		372DE873F31B868B6F0B5FB8 /* Pods-VagaryUITests.release.xcconfig */ = {isa = PBXFileReference; includeInIndex = 1; lastKnownFileType = text.xcconfig; name = "Pods-VagaryUITests.release.xcconfig"; path = "Pods/Target Support Files/Pods-VagaryUITests/Pods-VagaryUITests.release.xcconfig"; sourceTree = "<group>"; };
		4010DA728A2B8F3121455E0E /* Pods-Vagary.debug.xcconfig */ = {isa = PBXFileReference; includeInIndex = 1; lastKnownFileType = text.xcconfig; name = "Pods-Vagary.debug.xcconfig"; path = "Pods/Target Support Files/Pods-Vagary/Pods-Vagary.debug.xcconfig"; sourceTree = "<group>"; };
		4B6539251F1EF71D00E41C7B /* AppCoordinator.swift */ = {isa = PBXFileReference; fileEncoding = 4; lastKnownFileType = sourcecode.swift; path = AppCoordinator.swift; sourceTree = "<group>"; };
		4B6539271F1EFA9A00E41C7B /* FeedCoordinator.swift */ = {isa = PBXFileReference; fileEncoding = 4; lastKnownFileType = sourcecode.swift; path = FeedCoordinator.swift; sourceTree = "<group>"; };
		4B6539291F1EFD0500E41C7B /* FeedViewController.swift */ = {isa = PBXFileReference; fileEncoding = 4; lastKnownFileType = sourcecode.swift; path = FeedViewController.swift; sourceTree = "<group>"; };
		4B65392B1F1EFD3700E41C7B /* FeedViewModel.swift */ = {isa = PBXFileReference; fileEncoding = 4; lastKnownFileType = sourcecode.swift; path = FeedViewModel.swift; sourceTree = "<group>"; };
		4B65392D1F1EFEA700E41C7B /* Post.swift */ = {isa = PBXFileReference; fileEncoding = 4; lastKnownFileType = sourcecode.swift; path = Post.swift; sourceTree = "<group>"; };
		4B65392F1F1EFEE200E41C7B /* Protocols.swift */ = {isa = PBXFileReference; fileEncoding = 4; lastKnownFileType = sourcecode.swift; path = Protocols.swift; sourceTree = "<group>"; };
		4B6539311F1F016200E41C7B /* TravelApi.swift */ = {isa = PBXFileReference; fileEncoding = 4; lastKnownFileType = sourcecode.swift; path = TravelApi.swift; sourceTree = "<group>"; };
		4B6539341F1F029D00E41C7B /* TravelAPIResponses.swift */ = {isa = PBXFileReference; fileEncoding = 4; lastKnownFileType = sourcecode.swift; path = TravelAPIResponses.swift; sourceTree = "<group>"; };
		4B6539361F1F96A500E41C7B /* Constants.swift */ = {isa = PBXFileReference; fileEncoding = 4; lastKnownFileType = sourcecode.swift; path = Constants.swift; sourceTree = "<group>"; };
		4B94206E1F1C4B8C00FDE7EB /* Vagary.app */ = {isa = PBXFileReference; explicitFileType = wrapper.application; includeInIndex = 0; path = Vagary.app; sourceTree = BUILT_PRODUCTS_DIR; };
		4B9420711F1C4B8D00FDE7EB /* AppDelegate.swift */ = {isa = PBXFileReference; lastKnownFileType = sourcecode.swift; path = AppDelegate.swift; sourceTree = "<group>"; };
		4B9420781F1C4B8F00FDE7EB /* Base */ = {isa = PBXFileReference; lastKnownFileType = file.storyboard; name = Base; path = Base.lproj/Main.storyboard; sourceTree = "<group>"; };
		4B94207A1F1C4B9100FDE7EB /* Assets.xcassets */ = {isa = PBXFileReference; lastKnownFileType = folder.assetcatalog; path = Assets.xcassets; sourceTree = "<group>"; };
		4B94207D1F1C4B9200FDE7EB /* Base */ = {isa = PBXFileReference; lastKnownFileType = file.storyboard; name = Base; path = Base.lproj/LaunchScreen.storyboard; sourceTree = "<group>"; };
		4B94207F1F1C4B9200FDE7EB /* Info.plist */ = {isa = PBXFileReference; lastKnownFileType = text.plist.xml; path = Info.plist; sourceTree = "<group>"; };
		4B9420841F1C4B9300FDE7EB /* VagaryTests.xctest */ = {isa = PBXFileReference; explicitFileType = wrapper.cfbundle; includeInIndex = 0; path = VagaryTests.xctest; sourceTree = BUILT_PRODUCTS_DIR; };
		4B9420881F1C4B9400FDE7EB /* TravelTests.swift */ = {isa = PBXFileReference; lastKnownFileType = sourcecode.swift; path = TravelTests.swift; sourceTree = "<group>"; };
		4B94208A1F1C4B9500FDE7EB /* Info.plist */ = {isa = PBXFileReference; lastKnownFileType = text.plist.xml; path = Info.plist; sourceTree = "<group>"; };
		4B94208F1F1C4B9500FDE7EB /* VagaryUITests.xctest */ = {isa = PBXFileReference; explicitFileType = wrapper.cfbundle; includeInIndex = 0; path = VagaryUITests.xctest; sourceTree = BUILT_PRODUCTS_DIR; };
		4B9420931F1C4B9600FDE7EB /* TravelUITests.swift */ = {isa = PBXFileReference; lastKnownFileType = sourcecode.swift; path = TravelUITests.swift; sourceTree = "<group>"; };
		4B9420951F1C4B9600FDE7EB /* Info.plist */ = {isa = PBXFileReference; lastKnownFileType = text.plist.xml; path = Info.plist; sourceTree = "<group>"; };
		4B9420A11F1C4EFF00FDE7EB /* RxCocoa.framework */ = {isa = PBXFileReference; lastKnownFileType = wrapper.framework; name = RxCocoa.framework; path = "Pods/../build/Debug-iphoneos/RxCocoa/RxCocoa.framework"; sourceTree = "<group>"; };
		4B9420A21F1C4EFF00FDE7EB /* RxSwift.framework */ = {isa = PBXFileReference; lastKnownFileType = wrapper.framework; name = RxSwift.framework; path = "Pods/../build/Debug-iphoneos/RxSwift/RxSwift.framework"; sourceTree = "<group>"; };
		4B9420AA1F1C505600FDE7EB /* PostFeedTableViewCell.swift */ = {isa = PBXFileReference; fileEncoding = 4; lastKnownFileType = sourcecode.swift; path = PostFeedTableViewCell.swift; sourceTree = "<group>"; };
		4B9420AB1F1C505600FDE7EB /* PostFeedTableViewCell.xib */ = {isa = PBXFileReference; fileEncoding = 4; lastKnownFileType = file.xib; path = PostFeedTableViewCell.xib; sourceTree = "<group>"; };
		4BCF6E771F1C61CF00695484 /* DesignableImage.swift */ = {isa = PBXFileReference; fileEncoding = 4; lastKnownFileType = sourcecode.swift; path = DesignableImage.swift; sourceTree = "<group>"; };
		4BF2C3E01F265FC400037DFE /* RxDataSources.framework */ = {isa = PBXFileReference; lastKnownFileType = wrapper.framework; name = RxDataSources.framework; path = "../../../Library/Developer/Xcode/DerivedData/Travel-fnriwexsioiwjbhcptlxlwydweka/Build/Products/Debug-iphonesimulator/RxDataSources/RxDataSources.framework"; sourceTree = "<group>"; };
		523347435FE31941058E4E66 /* Pods_Travel.framework */ = {isa = PBXFileReference; explicitFileType = wrapper.framework; includeInIndex = 0; path = Pods_Travel.framework; sourceTree = BUILT_PRODUCTS_DIR; };
		667461C00124B0AE40DABE15 /* Pods-Travel.debug.xcconfig */ = {isa = PBXFileReference; includeInIndex = 1; lastKnownFileType = text.xcconfig; name = "Pods-Travel.debug.xcconfig"; path = "Pods/Target Support Files/Pods-Travel/Pods-Travel.debug.xcconfig"; sourceTree = "<group>"; };
		AB898630D06DD140DBE623F9 /* Pods-Travel.release.xcconfig */ = {isa = PBXFileReference; includeInIndex = 1; lastKnownFileType = text.xcconfig; name = "Pods-Travel.release.xcconfig"; path = "Pods/Target Support Files/Pods-Travel/Pods-Travel.release.xcconfig"; sourceTree = "<group>"; };
		B572D139B5C11DF0F930FA55 /* Pods-TravelUITests.release.xcconfig */ = {isa = PBXFileReference; includeInIndex = 1; lastKnownFileType = text.xcconfig; name = "Pods-TravelUITests.release.xcconfig"; path = "Pods/Target Support Files/Pods-TravelUITests/Pods-TravelUITests.release.xcconfig"; sourceTree = "<group>"; };
		B6874EE25F90AD3E51900BC0 /* Pods_VagaryUITests.framework */ = {isa = PBXFileReference; explicitFileType = wrapper.framework; includeInIndex = 0; path = Pods_VagaryUITests.framework; sourceTree = BUILT_PRODUCTS_DIR; };
		C380CB09DD737CEB973D558A /* Pods_Vagary.framework */ = {isa = PBXFileReference; explicitFileType = wrapper.framework; includeInIndex = 0; path = Pods_Vagary.framework; sourceTree = BUILT_PRODUCTS_DIR; };
		C3A8F3BB350E57D237A96D12 /* Pods-VagaryTests.debug.xcconfig */ = {isa = PBXFileReference; includeInIndex = 1; lastKnownFileType = text.xcconfig; name = "Pods-VagaryTests.debug.xcconfig"; path = "Pods/Target Support Files/Pods-VagaryTests/Pods-VagaryTests.debug.xcconfig"; sourceTree = "<group>"; };
		C938A32CE40B87B6441DF943 /* Pods-Vagary.release.xcconfig */ = {isa = PBXFileReference; includeInIndex = 1; lastKnownFileType = text.xcconfig; name = "Pods-Vagary.release.xcconfig"; path = "Pods/Target Support Files/Pods-Vagary/Pods-Vagary.release.xcconfig"; sourceTree = "<group>"; };
		CB7B450C8B937C1B9527A1E2 /* Pods_VagaryTests.framework */ = {isa = PBXFileReference; explicitFileType = wrapper.framework; includeInIndex = 0; path = Pods_VagaryTests.framework; sourceTree = BUILT_PRODUCTS_DIR; };
		D09305A40C37ABBBE2B65751 /* Pods-TravelTests.release.xcconfig */ = {isa = PBXFileReference; includeInIndex = 1; lastKnownFileType = text.xcconfig; name = "Pods-TravelTests.release.xcconfig"; path = "Pods/Target Support Files/Pods-TravelTests/Pods-TravelTests.release.xcconfig"; sourceTree = "<group>"; };
		F578A2CEFEEA0436839F152D /* Pods_TravelUITests.framework */ = {isa = PBXFileReference; explicitFileType = wrapper.framework; includeInIndex = 0; path = Pods_TravelUITests.framework; sourceTree = BUILT_PRODUCTS_DIR; };
		F91E35EFEDC76ADD7A16B8B0 /* Pods_TravelTests.framework */ = {isa = PBXFileReference; explicitFileType = wrapper.framework; includeInIndex = 0; path = Pods_TravelTests.framework; sourceTree = BUILT_PRODUCTS_DIR; };
/* End PBXFileReference section */

/* Begin PBXFrameworksBuildPhase section */
		4B94206B1F1C4B8C00FDE7EB /* Frameworks */ = {
			isa = PBXFrameworksBuildPhase;
			buildActionMask = 2147483647;
			files = (
				23B3B2591F5A7CDA001A2D5B /* MapKit.framework in Frameworks */,
				23FB17231F3D500200DA41A3 /* ReSwift.framework in Frameworks */,
				31A3F751A343EFF9267E900B /* Pods_Vagary.framework in Frameworks */,
			);
			runOnlyForDeploymentPostprocessing = 0;
		};
		4B9420811F1C4B9300FDE7EB /* Frameworks */ = {
			isa = PBXFrameworksBuildPhase;
			buildActionMask = 2147483647;
			files = (
				F01A31E8E31AC1BD3917DFD3 /* Pods_TravelTests.framework in Frameworks */,
				A4B5F49844DC32171ECEB7CD /* Pods_VagaryTests.framework in Frameworks */,
			);
			runOnlyForDeploymentPostprocessing = 0;
		};
		4B94208C1F1C4B9500FDE7EB /* Frameworks */ = {
			isa = PBXFrameworksBuildPhase;
			buildActionMask = 2147483647;
			files = (
				49E6505AB24E5DAD88A22830 /* Pods_TravelUITests.framework in Frameworks */,
				E8ECCDEED0EE906BB6215E4A /* Pods_VagaryUITests.framework in Frameworks */,
			);
			runOnlyForDeploymentPostprocessing = 0;
		};
/* End PBXFrameworksBuildPhase section */

/* Begin PBXGroup section */
		230DF7151F76B0CF005EABE9 /* Persistance */ = {
			isa = PBXGroup;
			children = (
				230DF7161F76B0F2005EABE9 /* Cache.swift */,
			);
			name = Persistance;
			sourceTree = "<group>";
		};
		235DE7BD2013FFFE003AEC2F /* Utilities */ = {
			isa = PBXGroup;
			children = (
				235DE7BE20140008003AEC2F /* TableView */,
			);
			path = Utilities;
			sourceTree = "<group>";
		};
		235DE7BE20140008003AEC2F /* TableView */ = {
			isa = PBXGroup;
			children = (
				235DE7BF2014000F003AEC2F /* TableViewCells */,
				235DE7C42014043B003AEC2F /* TableViewModel.swift */,
			);
			path = TableView;
			sourceTree = "<group>";
		};
		235DE7BF2014000F003AEC2F /* TableViewCells */ = {
			isa = PBXGroup;
			children = (
				235DE7C020140031003AEC2F /* CenteredImageTableViewCell.swift */,
				235DE7C120140031003AEC2F /* CenteredImageTableViewCell.xib */,
				235DE7C620140677003AEC2F /* CenteredTextTableViewCell.swift */,
				235DE7C720140677003AEC2F /* CenteredTextTableViewCell.xib */,
			);
			path = TableViewCells;
			sourceTree = "<group>";
		};
		23AAFDC41F5905CB003B9EE9 /* Data */ = {
			isa = PBXGroup;
			children = (
				23AAFDC51F590610003B9EE9 /* user.json */,
				23AAFDC71F590794003B9EE9 /* trips.json */,
				23AAFDC91F59090A003B9EE9 /* posts.json */,
				23B3B2611F5BBEB6001A2D5B /* post.json */,
				23B3B2691F5CCA88001A2D5B /* trip.json */,
			);
			name = Data;
			sourceTree = "<group>";
		};
		23D48682200310C300CE9EC0 /* Architecture */ = {
			isa = PBXGroup;
			children = (
				23D48683200310D800CE9EC0 /* Presenter.swift */,
				23D4868020030FAC00CE9EC0 /* ViewModel.swift */,
				23D48686200311EE00CE9EC0 /* AppDependency.swift */,
				23D4868A200313C000CE9EC0 /* Reducer.swift */,
				23D4868D200329EE00CE9EC0 /* PresenterFactory.swift */,
			);
			path = Architecture;
			sourceTree = "<group>";
		};
		23D486852003111100CE9EC0 /* Feed */ = {
			isa = PBXGroup;
			children = (
				4B65392B1F1EFD3700E41C7B /* FeedViewModel.swift */,
				4B6539291F1EFD0500E41C7B /* FeedViewController.swift */,
				4B6539271F1EFA9A00E41C7B /* FeedCoordinator.swift */,
				23D486882003132900CE9EC0 /* FeedState.swift */,
				23B3B25D1F5BB3D3001A2D5B /* PostDetailViewController.swift */,
				23B3B25F1F5BB463001A2D5B /* PostViewModel.swift */,
			);
			path = Feed;
			sourceTree = "<group>";
		};
		23D4869120032C1300CE9EC0 /* AppRoot */ = {
			isa = PBXGroup;
			children = (
				4B6539251F1EF71D00E41C7B /* AppCoordinator.swift */,
				236BD3281F43EC0F00812B34 /* AppState.swift */,
				236BD32A1F43F01100812B34 /* AppReducer.swift */,
				235929711F96E58200FE4839 /* Store.swift */,
				23D4869220032C6600CE9EC0 /* UIRootPresenter.swift */,
			);
			path = AppRoot;
			sourceTree = "<group>";
		};
		23D4869720032E3700CE9EC0 /* UIPresenters */ = {
			isa = PBXGroup;
			children = (
				23D4868F20032B7100CE9EC0 /* TabBarPresenter.swift */,
				23D4869820032F0E00CE9EC0 /* UIViewController.swift */,
				23D4869A2003306A00CE9EC0 /* NavigationPresenter.swift */,
			);
			path = UIPresenters;
			sourceTree = "<group>";
		};
		23D4869C20059CCD00CE9EC0 /* Passport */ = {
			isa = PBXGroup;
			children = (
				23236A8D1F4A157C00043021 /* PassportViewController.swift */,
				23236A911F4A18BA00043021 /* PassportCoordinator.swift */,
				23236A931F4A1A8900043021 /* PassportViewModel.swift */,
				23B3B2631F5CC88B001A2D5B /* TripDetailViewController.swift */,
				23B3B2651F5CC901001A2D5B /* TripViewModel.swift */,
				23D4869E2005A51500CE9EC0 /* PassportState.swift */,
			);
			path = Passport;
			sourceTree = "<group>";
		};
		23D4869D20059DA300CE9EC0 /* Draft */ = {
			isa = PBXGroup;
			children = (
				23B3B26F1F5E2841001A2D5B /* DraftPostCoordinator.swift */,
				23B3B26B1F5E1FC4001A2D5B /* DraftPostViewController.swift */,
				23B3B26D1F5E254C001A2D5B /* DraftPostViewModel.swift */,
				23A6003D1F6D7A570087767B /* CreatePostViewController.swift */,
				230DF7131F75CF37005EABE9 /* CreateDraftDetailViewController.swift */,
				23E5F2D41F88886C0082D5A9 /* PostOptionsViewController.swift */,
				23E5F2D81F888B7B0082D5A9 /* CreatePostImagesViewController.swift */,
				23E5F2DA1F888D320082D5A9 /* DraftListViewController.swift */,
				23A6003F1F6D7A670087767B /* CreatePostViewModel.swift */,
				23D486A02005B66400CE9EC0 /* DraftState.swift */,
				230DF70D1F75BD0D005EABE9 /* CreatePostTableViewCell.swift */,
				230DF70E1F75BD0D005EABE9 /* CreatePostTableViewCell.xib */,
			);
			path = Draft;
			sourceTree = "<group>";
		};
		23D486A7200BFD5500CE9EC0 /* API */ = {
			isa = PBXGroup;
			children = (
				4B6539311F1F016200E41C7B /* TravelApi.swift */,
				4B6539341F1F029D00E41C7B /* TravelAPIResponses.swift */,
			);
			path = API;
			sourceTree = "<group>";
		};
		4B9420651F1C4B8B00FDE7EB = {
			isa = PBXGroup;
			children = (
				4B9420701F1C4B8C00FDE7EB /* Vagary */,
				4B9420871F1C4B9400FDE7EB /* VagaryTests */,
				4B9420921F1C4B9500FDE7EB /* VagaryUITests */,
				4B94206F1F1C4B8C00FDE7EB /* Products */,
				85DA553B07C5A39470B3A7A2 /* Pods */,
				A89B39EAE1329C5A3BA6193E /* Frameworks */,
			);
			sourceTree = "<group>";
		};
		4B94206F1F1C4B8C00FDE7EB /* Products */ = {
			isa = PBXGroup;
			children = (
				4B94206E1F1C4B8C00FDE7EB /* Vagary.app */,
				4B9420841F1C4B9300FDE7EB /* VagaryTests.xctest */,
				4B94208F1F1C4B9500FDE7EB /* VagaryUITests.xctest */,
			);
			name = Products;
			sourceTree = "<group>";
		};
		4B9420701F1C4B8C00FDE7EB /* Vagary */ = {
			isa = PBXGroup;
			children = (
				235DE7BD2013FFFE003AEC2F /* Utilities */,
				23D486A7200BFD5500CE9EC0 /* API */,
				23D4869D20059DA300CE9EC0 /* Draft */,
				23D4869C20059CCD00CE9EC0 /* Passport */,
				23D486852003111100CE9EC0 /* Feed */,
				23D4869720032E3700CE9EC0 /* UIPresenters */,
				23D4869120032C1300CE9EC0 /* AppRoot */,
				23D48682200310C300CE9EC0 /* Architecture */,
				230DF7151F76B0CF005EABE9 /* Persistance */,
				4B9420A91F1C4FEF00FDE7EB /* App */,
				4B9420A61F1C4FC000FDE7EB /* Models */,
				4B9420A51F1C4FB800FDE7EB /* Views */,
			);
			path = Vagary;
			sourceTree = "<group>";
		};
		4B9420871F1C4B9400FDE7EB /* VagaryTests */ = {
			isa = PBXGroup;
			children = (
				4B9420881F1C4B9400FDE7EB /* TravelTests.swift */,
				4B94208A1F1C4B9500FDE7EB /* Info.plist */,
			);
			path = VagaryTests;
			sourceTree = "<group>";
		};
		4B9420921F1C4B9500FDE7EB /* VagaryUITests */ = {
			isa = PBXGroup;
			children = (
				4B9420931F1C4B9600FDE7EB /* TravelUITests.swift */,
				4B9420951F1C4B9600FDE7EB /* Info.plist */,
			);
			path = VagaryUITests;
			sourceTree = "<group>";
		};
		4B9420A51F1C4FB800FDE7EB /* Views */ = {
			isa = PBXGroup;
			children = (
				4B9420771F1C4B8E00FDE7EB /* Main.storyboard */,
				4B94207C1F1C4B9200FDE7EB /* LaunchScreen.storyboard */,
				4B9420AA1F1C505600FDE7EB /* PostFeedTableViewCell.swift */,
				4B9420AB1F1C505600FDE7EB /* PostFeedTableViewCell.xib */,
				4BCF6E771F1C61CF00695484 /* DesignableImage.swift */,
				23236A971F57A7AE00043021 /* TripCollectionViewCell.swift */,
				23E5F2DC1F888E810082D5A9 /* DraftTableViewCell.swift */,
				23E5F2DD1F888E810082D5A9 /* DraftTableViewCell.xib */,
			);
			name = Views;
			sourceTree = "<group>";
		};
		4B9420A61F1C4FC000FDE7EB /* Models */ = {
			isa = PBXGroup;
			children = (
				4B65392D1F1EFEA700E41C7B /* Post.swift */,
				23236A8B1F4A14A800043021 /* Trip.swift */,
				23236A8F1F4A170300043021 /* User.swift */,
				23F4997F1F7F63BF007DC22B /* PostElement.swift */,
			);
			name = Models;
			sourceTree = "<group>";
		};
		4B9420A91F1C4FEF00FDE7EB /* App */ = {
			isa = PBXGroup;
			children = (
				23AAFDC41F5905CB003B9EE9 /* Data */,
				4B9420711F1C4B8D00FDE7EB /* AppDelegate.swift */,
				4B94207A1F1C4B9100FDE7EB /* Assets.xcassets */,
				4B94207F1F1C4B9200FDE7EB /* Info.plist */,
				4B65392F1F1EFEE200E41C7B /* Protocols.swift */,
				4B6539361F1F96A500E41C7B /* Constants.swift */,
				23B3B2731F677A9F001A2D5B /* Extensions.swift */,
			);
			name = App;
			sourceTree = "<group>";
		};
		85DA553B07C5A39470B3A7A2 /* Pods */ = {
			isa = PBXGroup;
			children = (
				667461C00124B0AE40DABE15 /* Pods-Travel.debug.xcconfig */,
				AB898630D06DD140DBE623F9 /* Pods-Travel.release.xcconfig */,
				1B0DDFFC0B5B36F65B743E4C /* Pods-TravelTests.debug.xcconfig */,
				D09305A40C37ABBBE2B65751 /* Pods-TravelTests.release.xcconfig */,
				24E69F95AD043EA67D796215 /* Pods-TravelUITests.debug.xcconfig */,
				B572D139B5C11DF0F930FA55 /* Pods-TravelUITests.release.xcconfig */,
				4010DA728A2B8F3121455E0E /* Pods-Vagary.debug.xcconfig */,
				C938A32CE40B87B6441DF943 /* Pods-Vagary.release.xcconfig */,
				C3A8F3BB350E57D237A96D12 /* Pods-VagaryTests.debug.xcconfig */,
				276B34656365DC55E37C8A6E /* Pods-VagaryTests.release.xcconfig */,
				14F085449400FA4233E92F95 /* Pods-VagaryUITests.debug.xcconfig */,
				372DE873F31B868B6F0B5FB8 /* Pods-VagaryUITests.release.xcconfig */,
			);
			name = Pods;
			sourceTree = "<group>";
		};
		A89B39EAE1329C5A3BA6193E /* Frameworks */ = {
			isa = PBXGroup;
			children = (
				23D486A5200BF62E00CE9EC0 /* PromiseKit.framework */,
				23D486A3200BF49800CE9EC0 /* PromiseKit.framework */,
				23B3B2581F5A7CDA001A2D5B /* MapKit.framework */,
				23FB17221F3D500200DA41A3 /* ReSwift.framework */,
				4BF2C3E01F265FC400037DFE /* RxDataSources.framework */,
				4B9420A11F1C4EFF00FDE7EB /* RxCocoa.framework */,
				4B9420A21F1C4EFF00FDE7EB /* RxSwift.framework */,
				523347435FE31941058E4E66 /* Pods_Travel.framework */,
				F91E35EFEDC76ADD7A16B8B0 /* Pods_TravelTests.framework */,
				F578A2CEFEEA0436839F152D /* Pods_TravelUITests.framework */,
				C380CB09DD737CEB973D558A /* Pods_Vagary.framework */,
				CB7B450C8B937C1B9527A1E2 /* Pods_VagaryTests.framework */,
				B6874EE25F90AD3E51900BC0 /* Pods_VagaryUITests.framework */,
			);
			name = Frameworks;
			sourceTree = "<group>";
		};
/* End PBXGroup section */

/* Begin PBXNativeTarget section */
		4B94206D1F1C4B8C00FDE7EB /* Vagary */ = {
			isa = PBXNativeTarget;
			buildConfigurationList = 4B9420981F1C4B9600FDE7EB /* Build configuration list for PBXNativeTarget "Vagary" */;
			buildPhases = (
				71F22D9AB12EFD9F3ACB41C3 /* [CP] Check Pods Manifest.lock */,
				4B94206A1F1C4B8C00FDE7EB /* Sources */,
				4B94206B1F1C4B8C00FDE7EB /* Frameworks */,
				4B94206C1F1C4B8C00FDE7EB /* Resources */,
				C6B5B649DBC9009B81325E29 /* [CP] Embed Pods Frameworks */,
				3A674B7405BBD72FE3B7C695 /* [CP] Copy Pods Resources */,
			);
			buildRules = (
			);
			dependencies = (
			);
			name = Vagary;
			productName = Travel;
			productReference = 4B94206E1F1C4B8C00FDE7EB /* Vagary.app */;
			productType = "com.apple.product-type.application";
		};
		4B9420831F1C4B9300FDE7EB /* VagaryTests */ = {
			isa = PBXNativeTarget;
			buildConfigurationList = 4B94209B1F1C4B9600FDE7EB /* Build configuration list for PBXNativeTarget "VagaryTests" */;
			buildPhases = (
				AF1A0B398F3CDC106597A395 /* [CP] Check Pods Manifest.lock */,
				4B9420801F1C4B9300FDE7EB /* Sources */,
				4B9420811F1C4B9300FDE7EB /* Frameworks */,
				4B9420821F1C4B9300FDE7EB /* Resources */,
				7E011D443267306E5D33432C /* [CP] Embed Pods Frameworks */,
				3E022AB9D850063D693BC7F1 /* [CP] Copy Pods Resources */,
			);
			buildRules = (
			);
			dependencies = (
				4B9420861F1C4B9300FDE7EB /* PBXTargetDependency */,
			);
			name = VagaryTests;
			productName = TravelTests;
			productReference = 4B9420841F1C4B9300FDE7EB /* VagaryTests.xctest */;
			productType = "com.apple.product-type.bundle.unit-test";
		};
		4B94208E1F1C4B9500FDE7EB /* VagaryUITests */ = {
			isa = PBXNativeTarget;
			buildConfigurationList = 4B94209E1F1C4B9600FDE7EB /* Build configuration list for PBXNativeTarget "VagaryUITests" */;
			buildPhases = (
				DA7719A0383CEC563822DC48 /* [CP] Check Pods Manifest.lock */,
				4B94208B1F1C4B9500FDE7EB /* Sources */,
				4B94208C1F1C4B9500FDE7EB /* Frameworks */,
				4B94208D1F1C4B9500FDE7EB /* Resources */,
				B06DFC0E5C3DF534EB9D8898 /* [CP] Embed Pods Frameworks */,
				3E1319CD75FAFF6BBF13EBFF /* [CP] Copy Pods Resources */,
			);
			buildRules = (
			);
			dependencies = (
				4B9420911F1C4B9500FDE7EB /* PBXTargetDependency */,
			);
			name = VagaryUITests;
			productName = TravelUITests;
			productReference = 4B94208F1F1C4B9500FDE7EB /* VagaryUITests.xctest */;
			productType = "com.apple.product-type.bundle.ui-testing";
		};
/* End PBXNativeTarget section */

/* Begin PBXProject section */
		4B9420661F1C4B8B00FDE7EB /* Project object */ = {
			isa = PBXProject;
			attributes = {
				LastSwiftUpdateCheck = 0830;
				LastUpgradeCheck = 0830;
				ORGANIZATIONNAME = "Jonathan Witten";
				TargetAttributes = {
					4B94206D1F1C4B8C00FDE7EB = {
						CreatedOnToolsVersion = 8.3.2;
						DevelopmentTeam = XA9HBUSBJ5;
						ProvisioningStyle = Automatic;
					};
					4B9420831F1C4B9300FDE7EB = {
						CreatedOnToolsVersion = 8.3.2;
						ProvisioningStyle = Automatic;
						TestTargetID = 4B94206D1F1C4B8C00FDE7EB;
					};
					4B94208E1F1C4B9500FDE7EB = {
						CreatedOnToolsVersion = 8.3.2;
						ProvisioningStyle = Automatic;
						TestTargetID = 4B94206D1F1C4B8C00FDE7EB;
					};
				};
			};
			buildConfigurationList = 4B9420691F1C4B8B00FDE7EB /* Build configuration list for PBXProject "Vagary" */;
			compatibilityVersion = "Xcode 3.2";
			developmentRegion = English;
			hasScannedForEncodings = 0;
			knownRegions = (
				en,
				Base,
			);
			mainGroup = 4B9420651F1C4B8B00FDE7EB;
			productRefGroup = 4B94206F1F1C4B8C00FDE7EB /* Products */;
			projectDirPath = "";
			projectRoot = "";
			targets = (
				4B94206D1F1C4B8C00FDE7EB /* Vagary */,
				4B9420831F1C4B9300FDE7EB /* VagaryTests */,
				4B94208E1F1C4B9500FDE7EB /* VagaryUITests */,
			);
		};
/* End PBXProject section */

/* Begin PBXResourcesBuildPhase section */
		4B94206C1F1C4B8C00FDE7EB /* Resources */ = {
			isa = PBXResourcesBuildPhase;
			buildActionMask = 2147483647;
			files = (
				23AAFDC81F590794003B9EE9 /* trips.json in Resources */,
				4B94207E1F1C4B9200FDE7EB /* LaunchScreen.storyboard in Resources */,
				4B94207B1F1C4B9100FDE7EB /* Assets.xcassets in Resources */,
				23AAFDCA1F59090A003B9EE9 /* posts.json in Resources */,
				4B9420791F1C4B8F00FDE7EB /* Main.storyboard in Resources */,
				23E5F2DF1F888E810082D5A9 /* DraftTableViewCell.xib in Resources */,
				4B9420AD1F1C505600FDE7EB /* PostFeedTableViewCell.xib in Resources */,
				235DE7C320140031003AEC2F /* CenteredImageTableViewCell.xib in Resources */,
				23AAFDC61F590610003B9EE9 /* user.json in Resources */,
				23B3B2621F5BBEB6001A2D5B /* post.json in Resources */,
				23B3B26A1F5CCA88001A2D5B /* trip.json in Resources */,
				235DE7C920140677003AEC2F /* CenteredTextTableViewCell.xib in Resources */,
				230DF7101F75BD0D005EABE9 /* CreatePostTableViewCell.xib in Resources */,
			);
			runOnlyForDeploymentPostprocessing = 0;
		};
		4B9420821F1C4B9300FDE7EB /* Resources */ = {
			isa = PBXResourcesBuildPhase;
			buildActionMask = 2147483647;
			files = (
			);
			runOnlyForDeploymentPostprocessing = 0;
		};
		4B94208D1F1C4B9500FDE7EB /* Resources */ = {
			isa = PBXResourcesBuildPhase;
			buildActionMask = 2147483647;
			files = (
			);
			runOnlyForDeploymentPostprocessing = 0;
		};
/* End PBXResourcesBuildPhase section */

/* Begin PBXShellScriptBuildPhase section */
		3A674B7405BBD72FE3B7C695 /* [CP] Copy Pods Resources */ = {
			isa = PBXShellScriptBuildPhase;
			buildActionMask = 2147483647;
			files = (
			);
			inputPaths = (
			);
			name = "[CP] Copy Pods Resources";
			outputPaths = (
			);
			runOnlyForDeploymentPostprocessing = 0;
			shellPath = /bin/sh;
			shellScript = "\"${SRCROOT}/Pods/Target Support Files/Pods-Vagary/Pods-Vagary-resources.sh\"\n";
			showEnvVarsInLog = 0;
		};
		3E022AB9D850063D693BC7F1 /* [CP] Copy Pods Resources */ = {
			isa = PBXShellScriptBuildPhase;
			buildActionMask = 2147483647;
			files = (
			);
			inputPaths = (
			);
			name = "[CP] Copy Pods Resources";
			outputPaths = (
			);
			runOnlyForDeploymentPostprocessing = 0;
			shellPath = /bin/sh;
			shellScript = "\"${SRCROOT}/Pods/Target Support Files/Pods-VagaryTests/Pods-VagaryTests-resources.sh\"\n";
			showEnvVarsInLog = 0;
		};
		3E1319CD75FAFF6BBF13EBFF /* [CP] Copy Pods Resources */ = {
			isa = PBXShellScriptBuildPhase;
			buildActionMask = 2147483647;
			files = (
			);
			inputPaths = (
			);
			name = "[CP] Copy Pods Resources";
			outputPaths = (
			);
			runOnlyForDeploymentPostprocessing = 0;
			shellPath = /bin/sh;
			shellScript = "\"${SRCROOT}/Pods/Target Support Files/Pods-VagaryUITests/Pods-VagaryUITests-resources.sh\"\n";
			showEnvVarsInLog = 0;
		};
		71F22D9AB12EFD9F3ACB41C3 /* [CP] Check Pods Manifest.lock */ = {
			isa = PBXShellScriptBuildPhase;
			buildActionMask = 2147483647;
			files = (
			);
			inputPaths = (
				"${PODS_PODFILE_DIR_PATH}/Podfile.lock",
				"${PODS_ROOT}/Manifest.lock",
			);
			name = "[CP] Check Pods Manifest.lock";
			outputPaths = (
				"$(DERIVED_FILE_DIR)/Pods-Vagary-checkManifestLockResult.txt",
			);
			runOnlyForDeploymentPostprocessing = 0;
			shellPath = /bin/sh;
			shellScript = "diff \"${PODS_PODFILE_DIR_PATH}/Podfile.lock\" \"${PODS_ROOT}/Manifest.lock\" > /dev/null\nif [ $? != 0 ] ; then\n    # print error to STDERR\n    echo \"error: The sandbox is not in sync with the Podfile.lock. Run 'pod install' or update your CocoaPods installation.\" >&2\n    exit 1\nfi\n# This output is used by Xcode 'outputs' to avoid re-running this script phase.\necho \"SUCCESS\" > \"${SCRIPT_OUTPUT_FILE_0}\"\n";
			showEnvVarsInLog = 0;
		};
		7E011D443267306E5D33432C /* [CP] Embed Pods Frameworks */ = {
			isa = PBXShellScriptBuildPhase;
			buildActionMask = 2147483647;
			files = (
			);
			inputPaths = (
			);
			name = "[CP] Embed Pods Frameworks";
			outputPaths = (
			);
			runOnlyForDeploymentPostprocessing = 0;
			shellPath = /bin/sh;
			shellScript = "\"${SRCROOT}/Pods/Target Support Files/Pods-VagaryTests/Pods-VagaryTests-frameworks.sh\"\n";
			showEnvVarsInLog = 0;
		};
		AF1A0B398F3CDC106597A395 /* [CP] Check Pods Manifest.lock */ = {
			isa = PBXShellScriptBuildPhase;
			buildActionMask = 2147483647;
			files = (
			);
			inputPaths = (
				"${PODS_PODFILE_DIR_PATH}/Podfile.lock",
				"${PODS_ROOT}/Manifest.lock",
			);
			name = "[CP] Check Pods Manifest.lock";
			outputPaths = (
				"$(DERIVED_FILE_DIR)/Pods-VagaryTests-checkManifestLockResult.txt",
			);
			runOnlyForDeploymentPostprocessing = 0;
			shellPath = /bin/sh;
			shellScript = "diff \"${PODS_PODFILE_DIR_PATH}/Podfile.lock\" \"${PODS_ROOT}/Manifest.lock\" > /dev/null\nif [ $? != 0 ] ; then\n    # print error to STDERR\n    echo \"error: The sandbox is not in sync with the Podfile.lock. Run 'pod install' or update your CocoaPods installation.\" >&2\n    exit 1\nfi\n# This output is used by Xcode 'outputs' to avoid re-running this script phase.\necho \"SUCCESS\" > \"${SCRIPT_OUTPUT_FILE_0}\"\n";
			showEnvVarsInLog = 0;
		};
		B06DFC0E5C3DF534EB9D8898 /* [CP] Embed Pods Frameworks */ = {
			isa = PBXShellScriptBuildPhase;
			buildActionMask = 2147483647;
			files = (
			);
			inputPaths = (
			);
			name = "[CP] Embed Pods Frameworks";
			outputPaths = (
			);
			runOnlyForDeploymentPostprocessing = 0;
			shellPath = /bin/sh;
			shellScript = "\"${SRCROOT}/Pods/Target Support Files/Pods-VagaryUITests/Pods-VagaryUITests-frameworks.sh\"\n";
			showEnvVarsInLog = 0;
		};
		C6B5B649DBC9009B81325E29 /* [CP] Embed Pods Frameworks */ = {
			isa = PBXShellScriptBuildPhase;
			buildActionMask = 2147483647;
			files = (
			);
			inputPaths = (
				"${SRCROOT}/Pods/Target Support Files/Pods-Vagary/Pods-Vagary-frameworks.sh",
				"${BUILT_PRODUCTS_DIR}/PromiseKit/PromiseKit.framework",
				"${BUILT_PRODUCTS_DIR}/ReSwift/ReSwift.framework",
			);
			name = "[CP] Embed Pods Frameworks";
			outputPaths = (
				"${TARGET_BUILD_DIR}/${FRAMEWORKS_FOLDER_PATH}/PromiseKit.framework",
				"${TARGET_BUILD_DIR}/${FRAMEWORKS_FOLDER_PATH}/ReSwift.framework",
			);
			runOnlyForDeploymentPostprocessing = 0;
			shellPath = /bin/sh;
			shellScript = "\"${SRCROOT}/Pods/Target Support Files/Pods-Vagary/Pods-Vagary-frameworks.sh\"\n";
			showEnvVarsInLog = 0;
		};
		DA7719A0383CEC563822DC48 /* [CP] Check Pods Manifest.lock */ = {
			isa = PBXShellScriptBuildPhase;
			buildActionMask = 2147483647;
			files = (
			);
			inputPaths = (
				"${PODS_PODFILE_DIR_PATH}/Podfile.lock",
				"${PODS_ROOT}/Manifest.lock",
			);
			name = "[CP] Check Pods Manifest.lock";
			outputPaths = (
				"$(DERIVED_FILE_DIR)/Pods-VagaryUITests-checkManifestLockResult.txt",
			);
			runOnlyForDeploymentPostprocessing = 0;
			shellPath = /bin/sh;
			shellScript = "diff \"${PODS_PODFILE_DIR_PATH}/Podfile.lock\" \"${PODS_ROOT}/Manifest.lock\" > /dev/null\nif [ $? != 0 ] ; then\n    # print error to STDERR\n    echo \"error: The sandbox is not in sync with the Podfile.lock. Run 'pod install' or update your CocoaPods installation.\" >&2\n    exit 1\nfi\n# This output is used by Xcode 'outputs' to avoid re-running this script phase.\necho \"SUCCESS\" > \"${SCRIPT_OUTPUT_FILE_0}\"\n";
			showEnvVarsInLog = 0;
		};
/* End PBXShellScriptBuildPhase section */

/* Begin PBXSourcesBuildPhase section */
		4B94206A1F1C4B8C00FDE7EB /* Sources */ = {
			isa = PBXSourcesBuildPhase;
			buildActionMask = 2147483647;
			files = (
				4B6539351F1F029D00E41C7B /* TravelAPIResponses.swift in Sources */,
				23D486A12005B66400CE9EC0 /* DraftState.swift in Sources */,
				4B65392C1F1EFD3700E41C7B /* FeedViewModel.swift in Sources */,
				23D4868B200313C000CE9EC0 /* Reducer.swift in Sources */,
				23D48684200310D800CE9EC0 /* Presenter.swift in Sources */,
				23D4869920032F0E00CE9EC0 /* UIViewController.swift in Sources */,
				23236A941F4A1A8900043021 /* PassportViewModel.swift in Sources */,
				23B3B25E1F5BB3D3001A2D5B /* PostDetailViewController.swift in Sources */,
				230DF7171F76B0F2005EABE9 /* Cache.swift in Sources */,
				4B6539261F1EF71E00E41C7B /* AppCoordinator.swift in Sources */,
				235DE7C220140031003AEC2F /* CenteredImageTableViewCell.swift in Sources */,
				23236A8E1F4A157C00043021 /* PassportViewController.swift in Sources */,
				4B9420721F1C4B8D00FDE7EB /* AppDelegate.swift in Sources */,
				230DF7141F75CF38005EABE9 /* CreateDraftDetailViewController.swift in Sources */,
				23D4869320032C6600CE9EC0 /* UIRootPresenter.swift in Sources */,
				23B3B2741F677A9F001A2D5B /* Extensions.swift in Sources */,
				23236A8C1F4A14A800043021 /* Trip.swift in Sources */,
				236BD32B1F43F01100812B34 /* AppReducer.swift in Sources */,
				23A6003E1F6D7A570087767B /* CreatePostViewController.swift in Sources */,
				4B6539301F1EFEE200E41C7B /* Protocols.swift in Sources */,
				23B3B26C1F5E1FC4001A2D5B /* DraftPostViewController.swift in Sources */,
				23B3B26E1F5E254C001A2D5B /* DraftPostViewModel.swift in Sources */,
				23F499801F7F63BF007DC22B /* PostElement.swift in Sources */,
				23D4869020032B7100CE9EC0 /* TabBarPresenter.swift in Sources */,
				23236A921F4A18BA00043021 /* PassportCoordinator.swift in Sources */,
				4B65392E1F1EFEA700E41C7B /* Post.swift in Sources */,
				4B6539281F1EFA9A00E41C7B /* FeedCoordinator.swift in Sources */,
				23D48687200311EE00CE9EC0 /* AppDependency.swift in Sources */,
				235DE7C52014043B003AEC2F /* TableViewModel.swift in Sources */,
				23D4868E200329EE00CE9EC0 /* PresenterFactory.swift in Sources */,
				23E5F2DB1F888D320082D5A9 /* DraftListViewController.swift in Sources */,
				4B6539321F1F016200E41C7B /* TravelApi.swift in Sources */,
				23E5F2DE1F888E810082D5A9 /* DraftTableViewCell.swift in Sources */,
				4BCF6E781F1C61D000695484 /* DesignableImage.swift in Sources */,
				4B65392A1F1EFD0500E41C7B /* FeedViewController.swift in Sources */,
				236BD3291F43EC0F00812B34 /* AppState.swift in Sources */,
				230DF70F1F75BD0D005EABE9 /* CreatePostTableViewCell.swift in Sources */,
				23D4869B2003306A00CE9EC0 /* NavigationPresenter.swift in Sources */,
				23D486892003132900CE9EC0 /* FeedState.swift in Sources */,
				23236A901F4A170300043021 /* User.swift in Sources */,
				23B3B2701F5E2841001A2D5B /* DraftPostCoordinator.swift in Sources */,
				23A600401F6D7A670087767B /* CreatePostViewModel.swift in Sources */,
				23B3B2641F5CC88B001A2D5B /* TripDetailViewController.swift in Sources */,
				4B9420AC1F1C505600FDE7EB /* PostFeedTableViewCell.swift in Sources */,
				235DE7C820140677003AEC2F /* CenteredTextTableViewCell.swift in Sources */,
				23B3B2661F5CC901001A2D5B /* TripViewModel.swift in Sources */,
				23D4868120030FAC00CE9EC0 /* ViewModel.swift in Sources */,
				23B3B2601F5BB463001A2D5B /* PostViewModel.swift in Sources */,
				23E5F2D91F888B7B0082D5A9 /* CreatePostImagesViewController.swift in Sources */,
				23D4869F2005A51500CE9EC0 /* PassportState.swift in Sources */,
				4B6539371F1F96A500E41C7B /* Constants.swift in Sources */,
				235929721F96E58200FE4839 /* Store.swift in Sources */,
				23236A981F57A7AE00043021 /* TripCollectionViewCell.swift in Sources */,
				23E5F2D51F88886C0082D5A9 /* PostOptionsViewController.swift in Sources */,
			);
			runOnlyForDeploymentPostprocessing = 0;
		};
		4B9420801F1C4B9300FDE7EB /* Sources */ = {
			isa = PBXSourcesBuildPhase;
			buildActionMask = 2147483647;
			files = (
				4B9420891F1C4B9400FDE7EB /* TravelTests.swift in Sources */,
			);
			runOnlyForDeploymentPostprocessing = 0;
		};
		4B94208B1F1C4B9500FDE7EB /* Sources */ = {
			isa = PBXSourcesBuildPhase;
			buildActionMask = 2147483647;
			files = (
				4B9420941F1C4B9600FDE7EB /* TravelUITests.swift in Sources */,
			);
			runOnlyForDeploymentPostprocessing = 0;
		};
/* End PBXSourcesBuildPhase section */

/* Begin PBXTargetDependency section */
		4B9420861F1C4B9300FDE7EB /* PBXTargetDependency */ = {
			isa = PBXTargetDependency;
			target = 4B94206D1F1C4B8C00FDE7EB /* Vagary */;
			targetProxy = 4B9420851F1C4B9300FDE7EB /* PBXContainerItemProxy */;
		};
		4B9420911F1C4B9500FDE7EB /* PBXTargetDependency */ = {
			isa = PBXTargetDependency;
			target = 4B94206D1F1C4B8C00FDE7EB /* Vagary */;
			targetProxy = 4B9420901F1C4B9500FDE7EB /* PBXContainerItemProxy */;
		};
/* End PBXTargetDependency section */

/* Begin PBXVariantGroup section */
		4B9420771F1C4B8E00FDE7EB /* Main.storyboard */ = {
			isa = PBXVariantGroup;
			children = (
				4B9420781F1C4B8F00FDE7EB /* Base */,
			);
			name = Main.storyboard;
			sourceTree = "<group>";
		};
		4B94207C1F1C4B9200FDE7EB /* LaunchScreen.storyboard */ = {
			isa = PBXVariantGroup;
			children = (
				4B94207D1F1C4B9200FDE7EB /* Base */,
			);
			name = LaunchScreen.storyboard;
			sourceTree = "<group>";
		};
/* End PBXVariantGroup section */

/* Begin XCBuildConfiguration section */
		4B9420961F1C4B9600FDE7EB /* Debug */ = {
			isa = XCBuildConfiguration;
			buildSettings = {
				ALWAYS_SEARCH_USER_PATHS = NO;
				CLANG_ANALYZER_NONNULL = YES;
				CLANG_ANALYZER_NUMBER_OBJECT_CONVERSION = YES_AGGRESSIVE;
				CLANG_CXX_LANGUAGE_STANDARD = "gnu++0x";
				CLANG_CXX_LIBRARY = "libc++";
				CLANG_ENABLE_MODULES = YES;
				CLANG_ENABLE_OBJC_ARC = YES;
				CLANG_WARN_BOOL_CONVERSION = YES;
				CLANG_WARN_CONSTANT_CONVERSION = YES;
				CLANG_WARN_DIRECT_OBJC_ISA_USAGE = YES_ERROR;
				CLANG_WARN_DOCUMENTATION_COMMENTS = YES;
				CLANG_WARN_EMPTY_BODY = YES;
				CLANG_WARN_ENUM_CONVERSION = YES;
				CLANG_WARN_INFINITE_RECURSION = YES;
				CLANG_WARN_INT_CONVERSION = YES;
				CLANG_WARN_OBJC_ROOT_CLASS = YES_ERROR;
				CLANG_WARN_SUSPICIOUS_MOVE = YES;
				CLANG_WARN_UNREACHABLE_CODE = YES;
				CLANG_WARN__DUPLICATE_METHOD_MATCH = YES;
				"CODE_SIGN_IDENTITY[sdk=iphoneos*]" = "iPhone Developer";
				COPY_PHASE_STRIP = NO;
				DEBUG_INFORMATION_FORMAT = dwarf;
				ENABLE_STRICT_OBJC_MSGSEND = YES;
				ENABLE_TESTABILITY = YES;
				GCC_C_LANGUAGE_STANDARD = gnu99;
				GCC_DYNAMIC_NO_PIC = NO;
				GCC_NO_COMMON_BLOCKS = YES;
				GCC_OPTIMIZATION_LEVEL = 0;
				GCC_PREPROCESSOR_DEFINITIONS = (
					"DEBUG=1",
					"$(inherited)",
				);
				GCC_WARN_64_TO_32_BIT_CONVERSION = YES;
				GCC_WARN_ABOUT_RETURN_TYPE = YES_ERROR;
				GCC_WARN_UNDECLARED_SELECTOR = YES;
				GCC_WARN_UNINITIALIZED_AUTOS = YES_AGGRESSIVE;
				GCC_WARN_UNUSED_FUNCTION = YES;
				GCC_WARN_UNUSED_VARIABLE = YES;
				IPHONEOS_DEPLOYMENT_TARGET = 10.3;
				MTL_ENABLE_DEBUG_INFO = YES;
				ONLY_ACTIVE_ARCH = YES;
				SDKROOT = iphoneos;
				SWIFT_ACTIVE_COMPILATION_CONDITIONS = DEBUG;
				SWIFT_OPTIMIZATION_LEVEL = "-Onone";
				TARGETED_DEVICE_FAMILY = "1,2";
			};
			name = Debug;
		};
		4B9420971F1C4B9600FDE7EB /* Release */ = {
			isa = XCBuildConfiguration;
			buildSettings = {
				ALWAYS_SEARCH_USER_PATHS = NO;
				CLANG_ANALYZER_NONNULL = YES;
				CLANG_ANALYZER_NUMBER_OBJECT_CONVERSION = YES_AGGRESSIVE;
				CLANG_CXX_LANGUAGE_STANDARD = "gnu++0x";
				CLANG_CXX_LIBRARY = "libc++";
				CLANG_ENABLE_MODULES = YES;
				CLANG_ENABLE_OBJC_ARC = YES;
				CLANG_WARN_BOOL_CONVERSION = YES;
				CLANG_WARN_CONSTANT_CONVERSION = YES;
				CLANG_WARN_DIRECT_OBJC_ISA_USAGE = YES_ERROR;
				CLANG_WARN_DOCUMENTATION_COMMENTS = YES;
				CLANG_WARN_EMPTY_BODY = YES;
				CLANG_WARN_ENUM_CONVERSION = YES;
				CLANG_WARN_INFINITE_RECURSION = YES;
				CLANG_WARN_INT_CONVERSION = YES;
				CLANG_WARN_OBJC_ROOT_CLASS = YES_ERROR;
				CLANG_WARN_SUSPICIOUS_MOVE = YES;
				CLANG_WARN_UNREACHABLE_CODE = YES;
				CLANG_WARN__DUPLICATE_METHOD_MATCH = YES;
				"CODE_SIGN_IDENTITY[sdk=iphoneos*]" = "iPhone Developer";
				COPY_PHASE_STRIP = NO;
				DEBUG_INFORMATION_FORMAT = "dwarf-with-dsym";
				ENABLE_NS_ASSERTIONS = NO;
				ENABLE_STRICT_OBJC_MSGSEND = YES;
				GCC_C_LANGUAGE_STANDARD = gnu99;
				GCC_NO_COMMON_BLOCKS = YES;
				GCC_WARN_64_TO_32_BIT_CONVERSION = YES;
				GCC_WARN_ABOUT_RETURN_TYPE = YES_ERROR;
				GCC_WARN_UNDECLARED_SELECTOR = YES;
				GCC_WARN_UNINITIALIZED_AUTOS = YES_AGGRESSIVE;
				GCC_WARN_UNUSED_FUNCTION = YES;
				GCC_WARN_UNUSED_VARIABLE = YES;
				IPHONEOS_DEPLOYMENT_TARGET = 10.3;
				MTL_ENABLE_DEBUG_INFO = NO;
				SDKROOT = iphoneos;
				SWIFT_OPTIMIZATION_LEVEL = "-Owholemodule";
				TARGETED_DEVICE_FAMILY = "1,2";
				VALIDATE_PRODUCT = YES;
			};
			name = Release;
		};
		4B9420991F1C4B9600FDE7EB /* Debug */ = {
			isa = XCBuildConfiguration;
			baseConfigurationReference = 4010DA728A2B8F3121455E0E /* Pods-Vagary.debug.xcconfig */;
			buildSettings = {
				ASSETCATALOG_COMPILER_APPICON_NAME = AppIcon;
				DEVELOPMENT_TEAM = XA9HBUSBJ5;
				FRAMEWORK_SEARCH_PATHS = (
					"$(inherited)",
					"$(PROJECT_DIR)/build/Debug-iphoneos/RxCocoa",
					"$(PROJECT_DIR)/build/Debug-iphoneos/RxSwift",
					"$(PROJECT_DIR)/build/Debug-iphoneos/ReSwift",
				);
				INFOPLIST_FILE = Vagary/Info.plist;
				IPHONEOS_DEPLOYMENT_TARGET = 11.0;
				LD_RUNPATH_SEARCH_PATHS = "$(inherited) @executable_path/Frameworks";
				PRODUCT_BUNDLE_IDENTIFIER = jdwitten.Vagary;
				PRODUCT_NAME = "$(TARGET_NAME)";
				SWIFT_VERSION = 4.0;
			};
			name = Debug;
		};
		4B94209A1F1C4B9600FDE7EB /* Release */ = {
			isa = XCBuildConfiguration;
			baseConfigurationReference = C938A32CE40B87B6441DF943 /* Pods-Vagary.release.xcconfig */;
			buildSettings = {
				ASSETCATALOG_COMPILER_APPICON_NAME = AppIcon;
				DEVELOPMENT_TEAM = XA9HBUSBJ5;
				FRAMEWORK_SEARCH_PATHS = (
					"$(inherited)",
					"$(PROJECT_DIR)/build/Debug-iphoneos/RxCocoa",
					"$(PROJECT_DIR)/build/Debug-iphoneos/RxSwift",
					"$(PROJECT_DIR)/build/Debug-iphoneos/ReSwift",
				);
				INFOPLIST_FILE = Vagary/Info.plist;
				IPHONEOS_DEPLOYMENT_TARGET = 11.0;
				LD_RUNPATH_SEARCH_PATHS = "$(inherited) @executable_path/Frameworks";
				PRODUCT_BUNDLE_IDENTIFIER = jdwitten.Vagary;
				PRODUCT_NAME = "$(TARGET_NAME)";
				SWIFT_VERSION = 4.0;
			};
			name = Release;
		};
		4B94209C1F1C4B9600FDE7EB /* Debug */ = {
			isa = XCBuildConfiguration;
			baseConfigurationReference = C3A8F3BB350E57D237A96D12 /* Pods-VagaryTests.debug.xcconfig */;
			buildSettings = {
				ALWAYS_EMBED_SWIFT_STANDARD_LIBRARIES = YES;
				BUNDLE_LOADER = "$(TEST_HOST)";
				INFOPLIST_FILE = TravelTests/Info.plist;
				LD_RUNPATH_SEARCH_PATHS = "$(inherited) @executable_path/Frameworks @loader_path/Frameworks";
				PRODUCT_BUNDLE_IDENTIFIER = jdwitten.TravelTests;
				PRODUCT_NAME = "$(TARGET_NAME)";
				SWIFT_VERSION = 3.0;
				TEST_HOST = "$(BUILT_PRODUCTS_DIR)/Vagary.app/Vagary";
			};
			name = Debug;
		};
		4B94209D1F1C4B9600FDE7EB /* Release */ = {
			isa = XCBuildConfiguration;
			baseConfigurationReference = 276B34656365DC55E37C8A6E /* Pods-VagaryTests.release.xcconfig */;
			buildSettings = {
				ALWAYS_EMBED_SWIFT_STANDARD_LIBRARIES = YES;
				BUNDLE_LOADER = "$(TEST_HOST)";
				INFOPLIST_FILE = TravelTests/Info.plist;
				LD_RUNPATH_SEARCH_PATHS = "$(inherited) @executable_path/Frameworks @loader_path/Frameworks";
				PRODUCT_BUNDLE_IDENTIFIER = jdwitten.TravelTests;
				PRODUCT_NAME = "$(TARGET_NAME)";
				SWIFT_VERSION = 3.0;
				TEST_HOST = "$(BUILT_PRODUCTS_DIR)/Vagary.app/Vagary";
			};
			name = Release;
		};
		4B94209F1F1C4B9600FDE7EB /* Debug */ = {
			isa = XCBuildConfiguration;
			baseConfigurationReference = 14F085449400FA4233E92F95 /* Pods-VagaryUITests.debug.xcconfig */;
			buildSettings = {
				ALWAYS_EMBED_SWIFT_STANDARD_LIBRARIES = YES;
				INFOPLIST_FILE = TravelUITests/Info.plist;
				LD_RUNPATH_SEARCH_PATHS = "$(inherited) @executable_path/Frameworks @loader_path/Frameworks";
				PRODUCT_BUNDLE_IDENTIFIER = jdwitten.TravelUITests;
				PRODUCT_NAME = "$(TARGET_NAME)";
				SWIFT_VERSION = 3.0;
				TEST_TARGET_NAME = Travel;
			};
			name = Debug;
		};
		4B9420A01F1C4B9600FDE7EB /* Release */ = {
			isa = XCBuildConfiguration;
			baseConfigurationReference = 372DE873F31B868B6F0B5FB8 /* Pods-VagaryUITests.release.xcconfig */;
			buildSettings = {
				ALWAYS_EMBED_SWIFT_STANDARD_LIBRARIES = YES;
				INFOPLIST_FILE = TravelUITests/Info.plist;
				LD_RUNPATH_SEARCH_PATHS = "$(inherited) @executable_path/Frameworks @loader_path/Frameworks";
				PRODUCT_BUNDLE_IDENTIFIER = jdwitten.TravelUITests;
				PRODUCT_NAME = "$(TARGET_NAME)";
				SWIFT_VERSION = 3.0;
				TEST_TARGET_NAME = Travel;
			};
			name = Release;
		};
/* End XCBuildConfiguration section */

/* Begin XCConfigurationList section */
		4B9420691F1C4B8B00FDE7EB /* Build configuration list for PBXProject "Vagary" */ = {
			isa = XCConfigurationList;
			buildConfigurations = (
				4B9420961F1C4B9600FDE7EB /* Debug */,
				4B9420971F1C4B9600FDE7EB /* Release */,
			);
			defaultConfigurationIsVisible = 0;
			defaultConfigurationName = Release;
		};
		4B9420981F1C4B9600FDE7EB /* Build configuration list for PBXNativeTarget "Vagary" */ = {
			isa = XCConfigurationList;
			buildConfigurations = (
				4B9420991F1C4B9600FDE7EB /* Debug */,
				4B94209A1F1C4B9600FDE7EB /* Release */,
			);
			defaultConfigurationIsVisible = 0;
			defaultConfigurationName = Release;
		};
		4B94209B1F1C4B9600FDE7EB /* Build configuration list for PBXNativeTarget "VagaryTests" */ = {
			isa = XCConfigurationList;
			buildConfigurations = (
				4B94209C1F1C4B9600FDE7EB /* Debug */,
				4B94209D1F1C4B9600FDE7EB /* Release */,
			);
			defaultConfigurationIsVisible = 0;
			defaultConfigurationName = Release;
		};
		4B94209E1F1C4B9600FDE7EB /* Build configuration list for PBXNativeTarget "VagaryUITests" */ = {
			isa = XCConfigurationList;
			buildConfigurations = (
				4B94209F1F1C4B9600FDE7EB /* Debug */,
				4B9420A01F1C4B9600FDE7EB /* Release */,
			);
			defaultConfigurationIsVisible = 0;
			defaultConfigurationName = Release;
		};
/* End XCConfigurationList section */
	};
	rootObject = 4B9420661F1C4B8B00FDE7EB /* Project object */;
}
